
Microsoft Visual Studio Solution File, Format Version 12.00
# 
Project("{FAE04EC0-301F-11D3-BF4B-00C04F79EFBC}") = "ClinicIntakeApp.Core", "ClinicIntakeApp.Core\ClinicIntakeApp.Core.csproj", "{48E02CC3-C17B-477D-9239-D5ADAC37BDA2}"
EndProject
Project("{FAE04EC0-301F-11D3-BF4B-00C04F79EFBC}") = "ClinicIntakeApp.Data", "ClinicIntakeApp.Data\ClinicIntakeApp.Data.csproj", "{8827028E-3CA7-432C-823E-F1D0768645FF}"
EndProject
Project("{FAE04EC0-301F-11D3-BF4B-00C04F79EFBC}") = "ClinicIntakeApp.Web", "ClinicIntakeApp.Web\ClinicIntakeApp.Web.csproj", "{DC4B98C7-5D78-4491-A26D-C6046BE3CFD3}"
EndProject
Global
	GlobalSection(SolutionConfigurationPlatforms) = preSolution
		Debug|Any CPU = Debug|Any CPU
		Release|Any CPU = Release|Any CPU
	EndGlobalSection
	GlobalSection(ProjectConfigurationPlatforms) = postSolution
		{48E02CC3-C17B-477D-9239-D5ADAC37BDA2}.Debug|Any CPU.ActiveCfg = Debug|Any CPU
		{48E02CC3-C17B-477D-9239-D5ADAC37BDA2}.Debug|Any CPU.Build.0 = Debug|Any CPU
		{48E02CC3-C17B-477D-9239-D5ADAC37BDA2}.Release|Any CPU.ActiveCfg = Release|Any CPU
		{48E02CC3-C17B-477D-9239-D5ADAC37BDA2}.Release|Any CPU.Build.0 = Release|Any CPU
		{8827028E-3CA7-432C-823E-F1D0768645FF}.Debug|Any CPU.ActiveCfg = Debug|Any CPU
		{8827028E-3CA7-432C-823E-F1D0768645FF}.Debug|Any CPU.Build.0 = Debug|Any CPU
		{8827028E-3CA7-432C-823E-F1D0768645FF}.Release|Any CPU.ActiveCfg = Release|Any CPU
		{8827028E-3CA7-432C-823E-F1D0768645FF}.Release|Any CPU.Build.0 = Release|Any CPU
		{DC4B98C7-5D78-4491-A26D-C6046BE3CFD3}.Debug|Any CPU.ActiveCfg = Debug|Any CPU
		{DC4B98C7-5D78-4491-A26D-C6046BE3CFD3}.Debug|Any CPU.Build.0 = Debug|Any CPU
		{DC4B98C7-5D78-4491-A26D-C6046BE3CFD3}.Release|Any CPU.ActiveCfg = Release|Any CPU
		{DC4B98C7-5D78-4491-A26D-C6046BE3CFD3}.Release|Any CPU.Build.0 = Release|Any CPU
	EndGlobalSection
EndGlobal
